
Microsoft Visual Studio Solution File, Format Version 12.00
# Visual Studio Version 17
VisualStudioVersion = 17.13.35913.81 d17.13
MinimumVisualStudioVersion = 10.0.40219.1
Project("{FAE04EC0-301F-11D3-BF4B-00C04F79EFBC}") = "BaiTapBuoi4", "BaiTapBuoi4\BaiTapBuoi4.csproj", "{03BFE778-6503-4225-B1D4-110AF71CFC3E}"
EndProject
Global
	GlobalSection(SolutionConfigurationPlatforms) = preSolution
		Debug|Any CPU = Debug|Any CPU
		Release|Any CPU = Release|Any CPU
	EndGlobalSection
	GlobalSection(ProjectConfigurationPlatforms) = postSolution
		{03BFE778-6503-4225-B1D4-110AF71CFC3E}.Debug|Any CPU.ActiveCfg = Debug|Any CPU
		{03BFE778-6503-4225-B1D4-110AF71CFC3E}.Debug|Any CPU.Build.0 = Debug|Any CPU
		{03BFE778-6503-4225-B1D4-110AF71CFC3E}.Release|Any CPU.ActiveCfg = Release|Any CPU
		{03BFE778-6503-4225-B1D4-110AF71CFC3E}.Release|Any CPU.Build.0 = Release|Any CPU
	EndGlobalSection
	GlobalSection(SolutionProperties) = preSolution
		HideSolutionNode = FALSE
	EndGlobalSection
	GlobalSection(ExtensibilityGlobals) = postSolution
		SolutionGuid = {B9AC45DF-7C8B-4161-B2FB-38A5696E77F4}
	EndGlobalSection
EndGlobal
